
Microsoft Visual Studio Solution File, Format Version 12.00
# Visual Studio 15
VisualStudioVersion = 15.0.27703.2018
MinimumVisualStudioVersion = 10.0.40219.1
Project("{FAE04EC0-301F-11D3-BF4B-00C04F79EFBC}") = "umbraco-chauffeur-changesets", "umbraco-chauffeur-changesets\umbraco-chauffeur-changesets.csproj", "{D977195E-B1FF-4BB9-8DF5-FB88A4836E09}"
EndProject
Global
	GlobalSection(SolutionConfigurationPlatforms) = preSolution
		Debug|Any CPU = Debug|Any CPU
		Release|Any CPU = Release|Any CPU
	EndGlobalSection
	GlobalSection(ProjectConfigurationPlatforms) = postSolution
		{D977195E-B1FF-4BB9-8DF5-FB88A4836E09}.Debug|Any CPU.ActiveCfg = Debug|Any CPU
		{D977195E-B1FF-4BB9-8DF5-FB88A4836E09}.Debug|Any CPU.Build.0 = Debug|Any CPU
		{D977195E-B1FF-4BB9-8DF5-FB88A4836E09}.Release|Any CPU.ActiveCfg = Release|Any CPU
		{D977195E-B1FF-4BB9-8DF5-FB88A4836E09}.Release|Any CPU.Build.0 = Release|Any CPU
	EndGlobalSection
	GlobalSection(SolutionProperties) = preSolution
		HideSolutionNode = FALSE
	EndGlobalSection
	GlobalSection(ExtensibilityGlobals) = postSolution
		SolutionGuid = {491B77F1-B035-4895-A5D9-DA43E1A90AE9}
	EndGlobalSection
EndGlobal
